
Microsoft Visual Studio Solution File, Format Version 12.00
# Visual Studio Version 16
VisualStudioVersion = 16.0.29409.12
MinimumVisualStudioVersion = 10.0.40219.1
Project("{9A19103F-16F7-4668-BE54-9A1E7A4F7556}") = "GuguLib", "GuguLib\GuguLib.csproj", "{DA95B4FD-0CD2-43E7-952B-93BCB65C7A34}"
EndProject
Global
	GlobalSection(SolutionConfigurationPlatforms) = preSolution
		Debug|Any CPU = Debug|Any CPU
		Release|Any CPU = Release|Any CPU
	EndGlobalSection
	GlobalSection(ProjectConfigurationPlatforms) = postSolution
		{DA95B4FD-0CD2-43E7-952B-93BCB65C7A34}.Debug|Any CPU.ActiveCfg = Debug|Any CPU
		{DA95B4FD-0CD2-43E7-952B-93BCB65C7A34}.Debug|Any CPU.Build.0 = Debug|Any CPU
		{DA95B4FD-0CD2-43E7-952B-93BCB65C7A34}.Release|Any CPU.ActiveCfg = Release|Any CPU
		{DA95B4FD-0CD2-43E7-952B-93BCB65C7A34}.Release|Any CPU.Build.0 = Release|Any CPU
	EndGlobalSection
	GlobalSection(SolutionProperties) = preSolution
		HideSolutionNode = FALSE
	EndGlobalSection
	GlobalSection(ExtensibilityGlobals) = postSolution
		SolutionGuid = {1B3F64E2-0AF3-46CE-9E6C-EC8098B08229}
	EndGlobalSection
EndGlobal
